# THIS IS AN AUTOGENERATED FILE. DO NOT EDIT THIS FILE DIRECTLY.
# yarn lockfile v1


"@mediapipe/camera_utils@^0.3.1675466862":
  version "0.3.1675466862"
  resolved "https://registry.yarnpkg.com/@mediapipe/camera_utils/-/camera_utils-0.3.1675466862.tgz#861051d4343325a7e838714fe72050df37c0cdd0"
  integrity sha512-siuXBoUxWo9WL0MeAxIxvxY04bvbtdNl7uCxoJxiAiRtNnCYrurr7Vl5VYQ94P7Sq0gVq6PxIDhWWeZ/pLnSzw==

"@mediapipe/hands@^0.4.1675469240":
  version "0.4.1675469240"
  resolved "https://registry.yarnpkg.com/@mediapipe/hands/-/hands-0.4.1675469240.tgz#f032b2f5deff5a69430693f94be45dd9854e803f"
  integrity sha512-GxoZvL1mmhJxFxjuyj7vnC++JIuInGznHBin5c7ZSq/RbcnGyfEcJrkM/bMu5K1Mz/2Ko+vEX6/+wewmEHPrHg==
